// !$*UTF8*$!
{
	archiveVersion = 1;
	classes = {
	};
	objectVersion = 77;
	objects = {

/* Begin PBXBuildFile section */
		0372DE70FB56FF9FAA1F25D8 /* WatchProtocol.swift in Sources */ = {isa = PBXBuildFile; fileRef = 09427238BAEB427DD8DAAC7C /* WatchProtocol.swift */; };
		140445E2C96F7A09C8021C87 /* PTTEngine.swift in Sources */ = {isa = PBXBuildFile; fileRef = 8AC3817AC8CB636667D7340D /* PTTEngine.swift */; };
		16CD6B4B382D10EC22ACA38F /* Hind-Medium.ttf in Resources */ = {isa = PBXBuildFile; fileRef = 0CAE6B4531BEC9AA6608A108 /* Hind-Medium.ttf */; };
		18116EF38271E1E692E10191 /* WatchModel.swift in Sources */ = {isa = PBXBuildFile; fileRef = 3D11E4A1C1C9BE40767F906E /* WatchModel.swift */; };
		1CEA506A8124FB124D3874CA /* WatchTalkView.swift in Sources */ = {isa = PBXBuildFile; fileRef = B87B1D6A78B0BF42AB8164DA /* WatchTalkView.swift */; };
		1D02B4A4052FAC307F18B41A /* Exo2-OFL.txt in Resources */ = {isa = PBXBuildFile; fileRef = 5D3D231AD3D8DD38D27C6E84 /* Exo2-OFL.txt */; };
		1DFFA2E5B927BECD035BA852 /* Hind-OFL.txt in Resources */ = {isa = PBXBuildFile; fileRef = 86C6075D9CF35FBF29F82B4D /* Hind-OFL.txt */; };
		205CE1EDABF15B65869E866E /* Michroma-OFL.txt in Resources */ = {isa = PBXBuildFile; fileRef = 5CD09CF470401102969B643B /* Michroma-OFL.txt */; };
		2188181AC237CC20CAAFE532 /* Assets.xcassets in Resources */ = {isa = PBXBuildFile; fileRef = 0D0D91D7B31C7569A01D813D /* Assets.xcassets */; };
		21BCC0DB5EE25D477D3D1664 /* SoundLibrary.swift in Sources */ = {isa = PBXBuildFile; fileRef = 1E9A6ACDFE77A95EF0CE726B /* SoundLibrary.swift */; };
		2A5A06893DAC551D20ADF165 /* EPTTCore in Frameworks */ = {isa = PBXBuildFile; productRef = 495B256A42190904284376F5 /* EPTTCore */; };
		2E95082B95769334A273504D /* Exo2-OFL.txt in Resources */ = {isa = PBXBuildFile; fileRef = 5D3D231AD3D8DD38D27C6E84 /* Exo2-OFL.txt */; };
		311920887632C35D7CCDCC30 /* TalkOrb.swift in Sources */ = {isa = PBXBuildFile; fileRef = 6E2AE46EE092CDD2652AB8F4 /* TalkOrb.swift */; };
		36C76FD8D8A9685D965A1CA6 /* Exo2-Bold.ttf in Resources */ = {isa = PBXBuildFile; fileRef = E7C7BE4D46DBAFAC1026CC07 /* Exo2-Bold.ttf */; };
		38D5CFB2945070E2AA58406B /* VoiceCodec.swift in Sources */ = {isa = PBXBuildFile; fileRef = EB79D2E432560F598AE275FF /* VoiceCodec.swift */; };
		398F262FF219DA3530AA8093 /* NXTPTTWatch.app in Embed Dependencies */ = {isa = PBXBuildFile; fileRef = 80A85358D711C3876170FC52 /* NXTPTTWatch.app */; settings = {ATTRIBUTES = (CodeSignOnCopy, RemoveHeadersOnCopy, ); }; };
		447CA7943CB16CAA18791B63 /* Exo2-SemiBold.ttf in Resources */ = {isa = PBXBuildFile; fileRef = 8AD1870F39C6EC6AC9973449 /* Exo2-SemiBold.ttf */; };
		4AC2847B0A9BFCAEBB5773DB /* Theme.swift in Sources */ = {isa = PBXBuildFile; fileRef = 84B06BD68E2E389EF003458D /* Theme.swift */; };
		4E522EABE049107F3A5FA677 /* Michroma-Regular.ttf in Resources */ = {isa = PBXBuildFile; fileRef = 491106D4D4A4C379330E7D8F /* Michroma-Regular.ttf */; };
		5A6148034B1C86DEA7181A08 /* Hind-Medium.ttf in Resources */ = {isa = PBXBuildFile; fileRef = 0CAE6B4531BEC9AA6608A108 /* Hind-Medium.ttf */; };
		5FC48FF0DD9C00F4DFE11D8E /* Michroma-OFL.txt in Resources */ = {isa = PBXBuildFile; fileRef = 5CD09CF470401102969B643B /* Michroma-OFL.txt */; };
		6090112260B68C097D107408 /* NXTPTTApp.swift in Sources */ = {isa = PBXBuildFile; fileRef = 0617089A27EAF20045AA25FA /* NXTPTTApp.swift */; };
		6B64282570069D75C03530C2 /* LocalAddresses.swift in Sources */ = {isa = PBXBuildFile; fileRef = 7D027783C645D958288C8A85 /* LocalAddresses.swift */; };
		6DF836C04841048B14E4CCDC /* Tones.swift in Sources */ = {isa = PBXBuildFile; fileRef = 4EFE2BF95289F4889473250F /* Tones.swift */; };
		6FFFB6ACD5671A7B89595B7A /* Exo2-Medium.ttf in Resources */ = {isa = PBXBuildFile; fileRef = A9092E4E0C328FCD11AE8CDD /* Exo2-Medium.ttf */; };
		7072DB12A07222DA3EBAED42 /* CloudRelay.swift in Sources */ = {isa = PBXBuildFile; fileRef = A7B9B9B9BCD490C371E11C42 /* CloudRelay.swift */; };
		7216C9BCE9AEDC32E574DFA9 /* GridBackground.swift in Sources */ = {isa = PBXBuildFile; fileRef = 6491F3384F5ADA236ECD6732 /* GridBackground.swift */; };
		73D5A97F043B3FB629E9370C /* Hind-SemiBold.ttf in Resources */ = {isa = PBXBuildFile; fileRef = 2ADBCA494A03F009112D2C9E /* Hind-SemiBold.ttf */; };
		77D702F41080827A847D8E84 /* NXTPTTWatchApp.swift in Sources */ = {isa = PBXBuildFile; fileRef = 670CC2CACF289A683AB032A0 /* NXTPTTWatchApp.swift */; };
		8207A5A01E11117F4AF282EC /* TalkOrb.swift in Sources */ = {isa = PBXBuildFile; fileRef = 6E2AE46EE092CDD2652AB8F4 /* TalkOrb.swift */; };
		849FF42B4171F02C65972757 /* ChannelsView.swift in Sources */ = {isa = PBXBuildFile; fileRef = 5F26C0993586F06E0277C2EE /* ChannelsView.swift */; };
		8E29EC7844A7E7CE1D330DDE /* APNsClient.swift in Sources */ = {isa = PBXBuildFile; fileRef = E4D548C686BBCEBBDBC6FA48 /* APNsClient.swift */; };
		8F6A494B7199A7DB7C423022 /* Store.swift in Sources */ = {isa = PBXBuildFile; fileRef = 3871A34AA3E7E3696FC46F78 /* Store.swift */; };
		8FD58ACB811C4A82A5C6C342 /* Keychain.swift in Sources */ = {isa = PBXBuildFile; fileRef = A1F6736A86DBDC21FCC5FD41 /* Keychain.swift */; };
		913B3DACE8A7011E0E370F19 /* Store.swift in Sources */ = {isa = PBXBuildFile; fileRef = 3871A34AA3E7E3696FC46F78 /* Store.swift */; };
		9433C6AA64945A26EA27F4FF /* Components.swift in Sources */ = {isa = PBXBuildFile; fileRef = 71F9D559EAE5E7FAF3FC7438 /* Components.swift */; };
		94D0AF3C8B10EAF5372DC4D9 /* APNsClient.swift in Sources */ = {isa = PBXBuildFile; fileRef = E4D548C686BBCEBBDBC6FA48 /* APNsClient.swift */; };
		9734444B6A3BCC1F6BA2EDEA /* Exo2-SemiBold.ttf in Resources */ = {isa = PBXBuildFile; fileRef = 8AD1870F39C6EC6AC9973449 /* Exo2-SemiBold.ttf */; };
		97E525E51A462FF784A35604 /* WatchProtocol.swift in Sources */ = {isa = PBXBuildFile; fileRef = 09427238BAEB427DD8DAAC7C /* WatchProtocol.swift */; };
		9AB8653681BAA1DF67E7D890 /* AppModel.swift in Sources */ = {isa = PBXBuildFile; fileRef = 350380534669517534DB1AB8 /* AppModel.swift */; };
		9BA76F5FAF134FD66141AEF3 /* AudioEngine.swift in Sources */ = {isa = PBXBuildFile; fileRef = 36E532B51BC28E621C00976F /* AudioEngine.swift */; };
		9E4F5A93378F6584613883CC /* EPTTCore in Frameworks */ = {isa = PBXBuildFile; productRef = 8B8EB4BA3015B1AAEAB6DF47 /* EPTTCore */; };
		A2330D8AEF6EF45B4D6FBF79 /* SettingsView.swift in Sources */ = {isa = PBXBuildFile; fileRef = F0220AFF770A796A696493B8 /* SettingsView.swift */; };
		A447483C481CDCB0CDF5B1CA /* Hind-Regular.ttf in Resources */ = {isa = PBXBuildFile; fileRef = 4D2CA08401587C4C4AFD4217 /* Hind-Regular.ttf */; };
		AA5712D7435E633C27F4536A /* VoiceCodec.swift in Sources */ = {isa = PBXBuildFile; fileRef = EB79D2E432560F598AE275FF /* VoiceCodec.swift */; };
		B5999114D66376CDC4304B26 /* WatchEngine.swift in Sources */ = {isa = PBXBuildFile; fileRef = 9395F106355F1105B629D685 /* WatchEngine.swift */; };
		B7427C19AAA77A6D303EE2AC /* Keychain.swift in Sources */ = {isa = PBXBuildFile; fileRef = A1F6736A86DBDC21FCC5FD41 /* Keychain.swift */; };
		BBCFA036AEC89DAFC03BB613 /* Assets.xcassets in Resources */ = {isa = PBXBuildFile; fileRef = 019D70435FCEB590B528B9CA /* Assets.xcassets */; };
		C3C698E53D06432948E6857C /* PushToTalkManager.swift in Sources */ = {isa = PBXBuildFile; fileRef = F3A8DE5195AC098334AD17FE /* PushToTalkManager.swift */; };
		C503B435FB25F5B640E74FF2 /* ActivityView.swift in Sources */ = {isa = PBXBuildFile; fileRef = CF0F72AD79C914F4229FE377 /* ActivityView.swift */; };
		CB69F5B4DB157871B0AB6369 /* Theme.swift in Sources */ = {isa = PBXBuildFile; fileRef = 84B06BD68E2E389EF003458D /* Theme.swift */; };
		CB8FC46706BCB887620F8918 /* Exo2-Medium.ttf in Resources */ = {isa = PBXBuildFile; fileRef = A9092E4E0C328FCD11AE8CDD /* Exo2-Medium.ttf */; };
		CC8FD19B5343AB6096B3D7A4 /* SoundsView.swift in Sources */ = {isa = PBXBuildFile; fileRef = 90A31E58691124529D39C377 /* SoundsView.swift */; };
		D5400801694C95121C6BC662 /* NearbyTransport.swift in Sources */ = {isa = PBXBuildFile; fileRef = 0A620DEC285D829E5852A944 /* NearbyTransport.swift */; };
		D598C3A49CAC8DA34FE4633B /* CloudRelay.swift in Sources */ = {isa = PBXBuildFile; fileRef = A7B9B9B9BCD490C371E11C42 /* CloudRelay.swift */; };
		DBE7E7EB1534F734A988B7DD /* Hind-Regular.ttf in Resources */ = {isa = PBXBuildFile; fileRef = 4D2CA08401587C4C4AFD4217 /* Hind-Regular.ttf */; };
		DDAC95820538C1B3DEF4D635 /* WatchBridge.swift in Sources */ = {isa = PBXBuildFile; fileRef = 1C624C4BED3D02359B4639ED /* WatchBridge.swift */; };
		DE954D70350E230150A96F1C /* GridBackground.swift in Sources */ = {isa = PBXBuildFile; fileRef = 6491F3384F5ADA236ECD6732 /* GridBackground.swift */; };
		E1728BBD1DA81A82ECBCE19F /* TalkView.swift in Sources */ = {isa = PBXBuildFile; fileRef = 17CC1D25F2383E91FA90B7FB /* TalkView.swift */; };
		E407E0A5973562C7E918C81D /* Hind-SemiBold.ttf in Resources */ = {isa = PBXBuildFile; fileRef = 2ADBCA494A03F009112D2C9E /* Hind-SemiBold.ttf */; };
		E4B79DCC58710E40C4D17AFF /* Exo2-Bold.ttf in Resources */ = {isa = PBXBuildFile; fileRef = E7C7BE4D46DBAFAC1026CC07 /* Exo2-Bold.ttf */; };
		E741D9CBA15D323B5CA905F1 /* Hind-OFL.txt in Resources */ = {isa = PBXBuildFile; fileRef = 86C6075D9CF35FBF29F82B4D /* Hind-OFL.txt */; };
		E9E7BE59DBD99423581C6B98 /* Michroma-Regular.ttf in Resources */ = {isa = PBXBuildFile; fileRef = 491106D4D4A4C379330E7D8F /* Michroma-Regular.ttf */; };
		EEBC7C8EDA04AB18260304FE /* UDPTransport.swift in Sources */ = {isa = PBXBuildFile; fileRef = 26DDD1D519B9A057A89F92C3 /* UDPTransport.swift */; };
		F0B4EE11E20B998AF99A23FD /* PairView.swift in Sources */ = {isa = PBXBuildFile; fileRef = 36E3EB4EF56C3AF302C8490C /* PairView.swift */; };
		F706519E51350819E0E1C93D /* TalkIntents.swift in Sources */ = {isa = PBXBuildFile; fileRef = 9BD4C6CC622AA8FF584FA6C0 /* TalkIntents.swift */; };
/* End PBXBuildFile section */

/* Begin PBXContainerItemProxy section */
		85625DE6C7D8744175BFEA5A /* PBXContainerItemProxy */ = {
			isa = PBXContainerItemProxy;
			containerPortal = 39F18FE6599FEE454699F66C /* Project object */;
			proxyType = 1;
			remoteGlobalIDString = 36D4CA7944BEBB37D7AA6172;
			remoteInfo = NXTPTTWatch;
		};
/* End PBXContainerItemProxy section */

/* Begin PBXCopyFilesBuildPhase section */
		88A296C06CE037A13B5D0886 /* Embed Dependencies */ = {
			isa = PBXCopyFilesBuildPhase;
			buildActionMask = 2147483647;
			dstPath = "$(CONTENTS_FOLDER_PATH)/Watch";
			dstSubfolderSpec = 16;
			files = (
				398F262FF219DA3530AA8093 /* NXTPTTWatch.app in Embed Dependencies */,
			);
			name = "Embed Dependencies";
			runOnlyForDeploymentPostprocessing = 0;
		};
/* End PBXCopyFilesBuildPhase section */

/* Begin PBXFileReference section */
		019D70435FCEB590B528B9CA /* Assets.xcassets */ = {isa = PBXFileReference; lastKnownFileType = folder.assetcatalog; path = Assets.xcassets; sourceTree = "<group>"; };
		0617089A27EAF20045AA25FA /* NXTPTTApp.swift */ = {isa = PBXFileReference; lastKnownFileType = sourcecode.swift; path = NXTPTTApp.swift; sourceTree = "<group>"; };
		09427238BAEB427DD8DAAC7C /* WatchProtocol.swift */ = {isa = PBXFileReference; lastKnownFileType = sourcecode.swift; path = WatchProtocol.swift; sourceTree = "<group>"; };
		0A620DEC285D829E5852A944 /* NearbyTransport.swift */ = {isa = PBXFileReference; lastKnownFileType = sourcecode.swift; path = NearbyTransport.swift; sourceTree = "<group>"; };
		0CAE6B4531BEC9AA6608A108 /* Hind-Medium.ttf */ = {isa = PBXFileReference; lastKnownFileType = file; path = "Hind-Medium.ttf"; sourceTree = "<group>"; };
		0D0D91D7B31C7569A01D813D /* Assets.xcassets */ = {isa = PBXFileReference; lastKnownFileType = folder.assetcatalog; path = Assets.xcassets; sourceTree = "<group>"; };
		1204D39E340822B372551829 /* NXTPTT.entitlements */ = {isa = PBXFileReference; lastKnownFileType = text.plist.entitlements; path = NXTPTT.entitlements; sourceTree = "<group>"; };
		17CC1D25F2383E91FA90B7FB /* TalkView.swift */ = {isa = PBXFileReference; lastKnownFileType = sourcecode.swift; path = TalkView.swift; sourceTree = "<group>"; };
		1B66223E5D77EA18085B8F51 /* Info.plist */ = {isa = PBXFileReference; lastKnownFileType = text.plist; path = Info.plist; sourceTree = "<group>"; };
		1C624C4BED3D02359B4639ED /* WatchBridge.swift */ = {isa = PBXFileReference; lastKnownFileType = sourcecode.swift; path = WatchBridge.swift; sourceTree = "<group>"; };
		1E9A6ACDFE77A95EF0CE726B /* SoundLibrary.swift */ = {isa = PBXFileReference; lastKnownFileType = sourcecode.swift; path = SoundLibrary.swift; sourceTree = "<group>"; };
		26DDD1D519B9A057A89F92C3 /* UDPTransport.swift */ = {isa = PBXFileReference; lastKnownFileType = sourcecode.swift; path = UDPTransport.swift; sourceTree = "<group>"; };
		2ADBCA494A03F009112D2C9E /* Hind-SemiBold.ttf */ = {isa = PBXFileReference; lastKnownFileType = file; path = "Hind-SemiBold.ttf"; sourceTree = "<group>"; };
		350380534669517534DB1AB8 /* AppModel.swift */ = {isa = PBXFileReference; lastKnownFileType = sourcecode.swift; path = AppModel.swift; sourceTree = "<group>"; };
		36E3EB4EF56C3AF302C8490C /* PairView.swift */ = {isa = PBXFileReference; lastKnownFileType = sourcecode.swift; path = PairView.swift; sourceTree = "<group>"; };
		36E532B51BC28E621C00976F /* AudioEngine.swift */ = {isa = PBXFileReference; lastKnownFileType = sourcecode.swift; path = AudioEngine.swift; sourceTree = "<group>"; };
		3871A34AA3E7E3696FC46F78 /* Store.swift */ = {isa = PBXFileReference; lastKnownFileType = sourcecode.swift; path = Store.swift; sourceTree = "<group>"; };
		395A0ED889A9C3AA6045A5EA /* NXTPTT.app */ = {isa = PBXFileReference; includeInIndex = 0; lastKnownFileType = wrapper.application; path = NXTPTT.app; sourceTree = BUILT_PRODUCTS_DIR; };
		3D11E4A1C1C9BE40767F906E /* WatchModel.swift */ = {isa = PBXFileReference; lastKnownFileType = sourcecode.swift; path = WatchModel.swift; sourceTree = "<group>"; };
		48EAEFBB51C34351AB7BB0C2 /* EPTTCore */ = {isa = PBXFileReference; lastKnownFileType = folder; name = EPTTCore; path = Packages/EPTTCore; sourceTree = SOURCE_ROOT; };
		491106D4D4A4C379330E7D8F /* Michroma-Regular.ttf */ = {isa = PBXFileReference; lastKnownFileType = file; path = "Michroma-Regular.ttf"; sourceTree = "<group>"; };
		4D2CA08401587C4C4AFD4217 /* Hind-Regular.ttf */ = {isa = PBXFileReference; lastKnownFileType = file; path = "Hind-Regular.ttf"; sourceTree = "<group>"; };
		4EFE2BF95289F4889473250F /* Tones.swift */ = {isa = PBXFileReference; lastKnownFileType = sourcecode.swift; path = Tones.swift; sourceTree = "<group>"; };
		5CD09CF470401102969B643B /* Michroma-OFL.txt */ = {isa = PBXFileReference; lastKnownFileType = text; path = "Michroma-OFL.txt"; sourceTree = "<group>"; };
		5D3D231AD3D8DD38D27C6E84 /* Exo2-OFL.txt */ = {isa = PBXFileReference; lastKnownFileType = text; path = "Exo2-OFL.txt"; sourceTree = "<group>"; };
		5F26C0993586F06E0277C2EE /* ChannelsView.swift */ = {isa = PBXFileReference; lastKnownFileType = sourcecode.swift; path = ChannelsView.swift; sourceTree = "<group>"; };
		6491F3384F5ADA236ECD6732 /* GridBackground.swift */ = {isa = PBXFileReference; lastKnownFileType = sourcecode.swift; path = GridBackground.swift; sourceTree = "<group>"; };
		670CC2CACF289A683AB032A0 /* NXTPTTWatchApp.swift */ = {isa = PBXFileReference; lastKnownFileType = sourcecode.swift; path = NXTPTTWatchApp.swift; sourceTree = "<group>"; };
		6E2AE46EE092CDD2652AB8F4 /* TalkOrb.swift */ = {isa = PBXFileReference; lastKnownFileType = sourcecode.swift; path = TalkOrb.swift; sourceTree = "<group>"; };
		71F9D559EAE5E7FAF3FC7438 /* Components.swift */ = {isa = PBXFileReference; lastKnownFileType = sourcecode.swift; path = Components.swift; sourceTree = "<group>"; };
		79FAA49CE1E6E885E051B01B /* Info.plist */ = {isa = PBXFileReference; lastKnownFileType = text.plist; path = Info.plist; sourceTree = "<group>"; };
		7D027783C645D958288C8A85 /* LocalAddresses.swift */ = {isa = PBXFileReference; lastKnownFileType = sourcecode.swift; path = LocalAddresses.swift; sourceTree = "<group>"; };
		80A85358D711C3876170FC52 /* NXTPTTWatch.app */ = {isa = PBXFileReference; explicitFileType = wrapper.application; includeInIndex = 0; path = NXTPTTWatch.app; sourceTree = BUILT_PRODUCTS_DIR; };
		84B06BD68E2E389EF003458D /* Theme.swift */ = {isa = PBXFileReference; lastKnownFileType = sourcecode.swift; path = Theme.swift; sourceTree = "<group>"; };
		86C6075D9CF35FBF29F82B4D /* Hind-OFL.txt */ = {isa = PBXFileReference; lastKnownFileType = text; path = "Hind-OFL.txt"; sourceTree = "<group>"; };
		8AC3817AC8CB636667D7340D /* PTTEngine.swift */ = {isa = PBXFileReference; lastKnownFileType = sourcecode.swift; path = PTTEngine.swift; sourceTree = "<group>"; };
		8AD1870F39C6EC6AC9973449 /* Exo2-SemiBold.ttf */ = {isa = PBXFileReference; lastKnownFileType = file; path = "Exo2-SemiBold.ttf"; sourceTree = "<group>"; };
		90A31E58691124529D39C377 /* SoundsView.swift */ = {isa = PBXFileReference; lastKnownFileType = sourcecode.swift; path = SoundsView.swift; sourceTree = "<group>"; };
		9395F106355F1105B629D685 /* WatchEngine.swift */ = {isa = PBXFileReference; lastKnownFileType = sourcecode.swift; path = WatchEngine.swift; sourceTree = "<group>"; };
		9BD4C6CC622AA8FF584FA6C0 /* TalkIntents.swift */ = {isa = PBXFileReference; lastKnownFileType = sourcecode.swift; path = TalkIntents.swift; sourceTree = "<group>"; };
		A1F6736A86DBDC21FCC5FD41 /* Keychain.swift */ = {isa = PBXFileReference; lastKnownFileType = sourcecode.swift; path = Keychain.swift; sourceTree = "<group>"; };
		A7B9B9B9BCD490C371E11C42 /* CloudRelay.swift */ = {isa = PBXFileReference; lastKnownFileType = sourcecode.swift; path = CloudRelay.swift; sourceTree = "<group>"; };
		A9092E4E0C328FCD11AE8CDD /* Exo2-Medium.ttf */ = {isa = PBXFileReference; lastKnownFileType = file; path = "Exo2-Medium.ttf"; sourceTree = "<group>"; };
		B87B1D6A78B0BF42AB8164DA /* WatchTalkView.swift */ = {isa = PBXFileReference; lastKnownFileType = sourcecode.swift; path = WatchTalkView.swift; sourceTree = "<group>"; };
		BB5C66B7F082C04F7C676223 /* Debug.xcconfig */ = {isa = PBXFileReference; lastKnownFileType = text.xcconfig; path = Debug.xcconfig; sourceTree = "<group>"; };
		C2C1D5CDE2BD22B2DE1968CE /* NXTPTTWatch.entitlements */ = {isa = PBXFileReference; lastKnownFileType = text.plist.entitlements; path = NXTPTTWatch.entitlements; sourceTree = "<group>"; };
		CF0F72AD79C914F4229FE377 /* ActivityView.swift */ = {isa = PBXFileReference; lastKnownFileType = sourcecode.swift; path = ActivityView.swift; sourceTree = "<group>"; };
		E249A42171F4B53EDD8033DF /* Release.xcconfig */ = {isa = PBXFileReference; lastKnownFileType = text.xcconfig; path = Release.xcconfig; sourceTree = "<group>"; };
		E4D548C686BBCEBBDBC6FA48 /* APNsClient.swift */ = {isa = PBXFileReference; lastKnownFileType = sourcecode.swift; path = APNsClient.swift; sourceTree = "<group>"; };
		E7C7BE4D46DBAFAC1026CC07 /* Exo2-Bold.ttf */ = {isa = PBXFileReference; lastKnownFileType = file; path = "Exo2-Bold.ttf"; sourceTree = "<group>"; };
		EB79D2E432560F598AE275FF /* VoiceCodec.swift */ = {isa = PBXFileReference; lastKnownFileType = sourcecode.swift; path = VoiceCodec.swift; sourceTree = "<group>"; };
		F0220AFF770A796A696493B8 /* SettingsView.swift */ = {isa = PBXFileReference; lastKnownFileType = sourcecode.swift; path = SettingsView.swift; sourceTree = "<group>"; };
		F3A8DE5195AC098334AD17FE /* PushToTalkManager.swift */ = {isa = PBXFileReference; lastKnownFileType = sourcecode.swift; path = PushToTalkManager.swift; sourceTree = "<group>"; };
/* End PBXFileReference section */

/* Begin PBXFrameworksBuildPhase section */
		5755C87342ED75F2574F432E /* Frameworks */ = {
			isa = PBXFrameworksBuildPhase;
			buildActionMask = 2147483647;
			files = (
				9E4F5A93378F6584613883CC /* EPTTCore in Frameworks */,
			);
			runOnlyForDeploymentPostprocessing = 0;
		};
		8209F3626DB1A4C0ED5D5301 /* Frameworks */ = {
			isa = PBXFrameworksBuildPhase;
			buildActionMask = 2147483647;
			files = (
				2A5A06893DAC551D20ADF165 /* EPTTCore in Frameworks */,
			);
			runOnlyForDeploymentPostprocessing = 0;
		};
/* End PBXFrameworksBuildPhase section */

/* Begin PBXGroup section */
		04CBD5E1EAA7687AB0C83657 /* iOS */ = {
			isa = PBXGroup;
			children = (
				5CC9ECA1966F426DE86CB3FD /* App */,
				89F4993654070CBFD226722C /* Audio */,
				8F659ABD481D7AD53624FE91 /* Engine */,
				6A7D92673A6BEEDF64113C85 /* Network */,
				752B5F1341DDA57915A8A39A /* Support */,
				D28DA42CDAD2ACDA2EF8C84F /* UI */,
			);
			path = iOS;
			sourceTree = "<group>";
		};
		155EC6F8374550E4075849E7 /* Products */ = {
			isa = PBXGroup;
			children = (
				395A0ED889A9C3AA6045A5EA /* NXTPTT.app */,
				80A85358D711C3876170FC52 /* NXTPTTWatch.app */,
			);
			name = Products;
			sourceTree = "<group>";
		};
		411BA19601FF0F7BDB496AF8 /* Watch */ = {
			isa = PBXGroup;
			children = (
				019D70435FCEB590B528B9CA /* Assets.xcassets */,
				1B66223E5D77EA18085B8F51 /* Info.plist */,
				C2C1D5CDE2BD22B2DE1968CE /* NXTPTTWatch.entitlements */,
				670CC2CACF289A683AB032A0 /* NXTPTTWatchApp.swift */,
				9395F106355F1105B629D685 /* WatchEngine.swift */,
				3D11E4A1C1C9BE40767F906E /* WatchModel.swift */,
				B87B1D6A78B0BF42AB8164DA /* WatchTalkView.swift */,
			);
			path = Watch;
			sourceTree = "<group>";
		};
		4578FD75966F062AB78A5E5A /* Packages */ = {
			isa = PBXGroup;
			children = (
				48EAEFBB51C34351AB7BB0C2 /* EPTTCore */,
			);
			path = Packages;
			sourceTree = "<group>";
		};
		461D4D809056C732488E9996 /* Config */ = {
			isa = PBXGroup;
			children = (
				BB5C66B7F082C04F7C676223 /* Debug.xcconfig */,
				E249A42171F4B53EDD8033DF /* Release.xcconfig */,
			);
			path = Config;
			sourceTree = "<group>";
		};
		5CC9ECA1966F426DE86CB3FD /* App */ = {
			isa = PBXGroup;
			children = (
				350380534669517534DB1AB8 /* AppModel.swift */,
				0617089A27EAF20045AA25FA /* NXTPTTApp.swift */,
				9BD4C6CC622AA8FF584FA6C0 /* TalkIntents.swift */,
				1C624C4BED3D02359B4639ED /* WatchBridge.swift */,
			);
			path = App;
			sourceTree = "<group>";
		};
		6A7D92673A6BEEDF64113C85 /* Network */ = {
			isa = PBXGroup;
			children = (
				7D027783C645D958288C8A85 /* LocalAddresses.swift */,
				0A620DEC285D829E5852A944 /* NearbyTransport.swift */,
				26DDD1D519B9A057A89F92C3 /* UDPTransport.swift */,
			);
			path = Network;
			sourceTree = "<group>";
		};
		6C03A7BD8030C7F31722C343 /* Shared */ = {
			isa = PBXGroup;
			children = (
				E4D548C686BBCEBBDBC6FA48 /* APNsClient.swift */,
				A7B9B9B9BCD490C371E11C42 /* CloudRelay.swift */,
				A1F6736A86DBDC21FCC5FD41 /* Keychain.swift */,
				3871A34AA3E7E3696FC46F78 /* Store.swift */,
				EB79D2E432560F598AE275FF /* VoiceCodec.swift */,
				09427238BAEB427DD8DAAC7C /* WatchProtocol.swift */,
				CBA7BF46112C7A69FD47C95C /* Fonts */,
				C5B3F979053E89D72393FE27 /* UI */,
			);
			path = Shared;
			sourceTree = "<group>";
		};
		752B5F1341DDA57915A8A39A /* Support */ = {
			isa = PBXGroup;
			children = (
				0D0D91D7B31C7569A01D813D /* Assets.xcassets */,
				79FAA49CE1E6E885E051B01B /* Info.plist */,
				1204D39E340822B372551829 /* NXTPTT.entitlements */,
			);
			path = Support;
			sourceTree = "<group>";
		};
		89F4993654070CBFD226722C /* Audio */ = {
			isa = PBXGroup;
			children = (
				36E532B51BC28E621C00976F /* AudioEngine.swift */,
				1E9A6ACDFE77A95EF0CE726B /* SoundLibrary.swift */,
				4EFE2BF95289F4889473250F /* Tones.swift */,
			);
			path = Audio;
			sourceTree = "<group>";
		};
		8F659ABD481D7AD53624FE91 /* Engine */ = {
			isa = PBXGroup;
			children = (
				8AC3817AC8CB636667D7340D /* PTTEngine.swift */,
				F3A8DE5195AC098334AD17FE /* PushToTalkManager.swift */,
			);
			path = Engine;
			sourceTree = "<group>";
		};
		A297AB4A59CDFB5053C61EF8 /* App */ = {
			isa = PBXGroup;
			children = (
				04CBD5E1EAA7687AB0C83657 /* iOS */,
				6C03A7BD8030C7F31722C343 /* Shared */,
				411BA19601FF0F7BDB496AF8 /* Watch */,
			);
			path = App;
			sourceTree = "<group>";
		};
		BFBD3AACD90D1F537AA47D69 = {
			isa = PBXGroup;
			children = (
				A297AB4A59CDFB5053C61EF8 /* App */,
				461D4D809056C732488E9996 /* Config */,
				4578FD75966F062AB78A5E5A /* Packages */,
				155EC6F8374550E4075849E7 /* Products */,
			);
			sourceTree = "<group>";
		};
		C5B3F979053E89D72393FE27 /* UI */ = {
			isa = PBXGroup;
			children = (
				6491F3384F5ADA236ECD6732 /* GridBackground.swift */,
				6E2AE46EE092CDD2652AB8F4 /* TalkOrb.swift */,
				84B06BD68E2E389EF003458D /* Theme.swift */,
			);
			path = UI;
			sourceTree = "<group>";
		};
		CBA7BF46112C7A69FD47C95C /* Fonts */ = {
			isa = PBXGroup;
			children = (
				E7C7BE4D46DBAFAC1026CC07 /* Exo2-Bold.ttf */,
				A9092E4E0C328FCD11AE8CDD /* Exo2-Medium.ttf */,
				5D3D231AD3D8DD38D27C6E84 /* Exo2-OFL.txt */,
				8AD1870F39C6EC6AC9973449 /* Exo2-SemiBold.ttf */,
				0CAE6B4531BEC9AA6608A108 /* Hind-Medium.ttf */,
				86C6075D9CF35FBF29F82B4D /* Hind-OFL.txt */,
				4D2CA08401587C4C4AFD4217 /* Hind-Regular.ttf */,
				2ADBCA494A03F009112D2C9E /* Hind-SemiBold.ttf */,
				5CD09CF470401102969B643B /* Michroma-OFL.txt */,
				491106D4D4A4C379330E7D8F /* Michroma-Regular.ttf */,
			);
			path = Fonts;
			sourceTree = "<group>";
		};
		D28DA42CDAD2ACDA2EF8C84F /* UI */ = {
			isa = PBXGroup;
			children = (
				CF0F72AD79C914F4229FE377 /* ActivityView.swift */,
				5F26C0993586F06E0277C2EE /* ChannelsView.swift */,
				71F9D559EAE5E7FAF3FC7438 /* Components.swift */,
				36E3EB4EF56C3AF302C8490C /* PairView.swift */,
				F0220AFF770A796A696493B8 /* SettingsView.swift */,
				90A31E58691124529D39C377 /* SoundsView.swift */,
				17CC1D25F2383E91FA90B7FB /* TalkView.swift */,
			);
			path = UI;
			sourceTree = "<group>";
		};
/* End PBXGroup section */

/* Begin PBXNativeTarget section */
		36D4CA7944BEBB37D7AA6172 /* NXTPTTWatch */ = {
			isa = PBXNativeTarget;
			buildConfigurationList = 88A3C8BDEA9A846FA0D0E7B0 /* Build configuration list for PBXNativeTarget "NXTPTTWatch" */;
			buildPhases = (
				5E34C9B30335780384B5F7F2 /* Sources */,
				197D0EBAF0CCF22E59D13116 /* Resources */,
				8209F3626DB1A4C0ED5D5301 /* Frameworks */,
			);
			buildRules = (
			);
			dependencies = (
			);
			name = NXTPTTWatch;
			packageProductDependencies = (
				495B256A42190904284376F5 /* EPTTCore */,
			);
			productName = NXTPTTWatch;
			productReference = 80A85358D711C3876170FC52 /* NXTPTTWatch.app */;
			productType = "com.apple.product-type.application";
		};
		691ECBC4A57C302D9F9E966C /* NXTPTT */ = {
			isa = PBXNativeTarget;
			buildConfigurationList = 75A3B17931CE5F1CB29F69AA /* Build configuration list for PBXNativeTarget "NXTPTT" */;
			buildPhases = (
				28CBBB5DDD700D54C408AB2A /* Sources */,
				F307270248EB998FA9B45B59 /* Resources */,
				5755C87342ED75F2574F432E /* Frameworks */,
				88A296C06CE037A13B5D0886 /* Embed Dependencies */,
				C9D8814C8B0862F1477F38A2 /* Bundle APNs key if present */,
			);
			buildRules = (
			);
			dependencies = (
				037BA493F238EC32D34A1CC3 /* PBXTargetDependency */,
			);
			name = NXTPTT;
			packageProductDependencies = (
				8B8EB4BA3015B1AAEAB6DF47 /* EPTTCore */,
			);
			productName = NXTPTT;
			productReference = 395A0ED889A9C3AA6045A5EA /* NXTPTT.app */;
			productType = "com.apple.product-type.application";
		};
/* End PBXNativeTarget section */

/* Begin PBXProject section */
		39F18FE6599FEE454699F66C /* Project object */ = {
			isa = PBXProject;
			attributes = {
				BuildIndependentTargetsInParallel = YES;
				LastUpgradeCheck = 1430;
				TargetAttributes = {
					36D4CA7944BEBB37D7AA6172 = {
						DevelopmentTeam = "";
						ProvisioningStyle = Automatic;
					};
					691ECBC4A57C302D9F9E966C = {
						DevelopmentTeam = "";
						ProvisioningStyle = Automatic;
					};
				};
			};
			buildConfigurationList = D90D65E8E5970B5DB7FB5249 /* Build configuration list for PBXProject "NXTPTT" */;
			developmentRegion = en;
			hasScannedForEncodings = 0;
			knownRegions = (
				Base,
				en,
			);
			mainGroup = BFBD3AACD90D1F537AA47D69;
			minimizedProjectReferenceProxies = 1;
			packageReferences = (
				B9D619EBAD2682E1A6631915 /* XCLocalSwiftPackageReference "Packages/EPTTCore" */,
			);
			preferredProjectObjectVersion = 77;
			productRefGroup = 155EC6F8374550E4075849E7 /* Products */;
			projectDirPath = "";
			projectRoot = "";
			targets = (
				691ECBC4A57C302D9F9E966C /* NXTPTT */,
				36D4CA7944BEBB37D7AA6172 /* NXTPTTWatch */,
			);
		};
/* End PBXProject section */

/* Begin PBXResourcesBuildPhase section */
		197D0EBAF0CCF22E59D13116 /* Resources */ = {
			isa = PBXResourcesBuildPhase;
			buildActionMask = 2147483647;
			files = (
				BBCFA036AEC89DAFC03BB613 /* Assets.xcassets in Resources */,
				36C76FD8D8A9685D965A1CA6 /* Exo2-Bold.ttf in Resources */,
				6FFFB6ACD5671A7B89595B7A /* Exo2-Medium.ttf in Resources */,
				1D02B4A4052FAC307F18B41A /* Exo2-OFL.txt in Resources */,
				9734444B6A3BCC1F6BA2EDEA /* Exo2-SemiBold.ttf in Resources */,
				5A6148034B1C86DEA7181A08 /* Hind-Medium.ttf in Resources */,
				1DFFA2E5B927BECD035BA852 /* Hind-OFL.txt in Resources */,
				A447483C481CDCB0CDF5B1CA /* Hind-Regular.ttf in Resources */,
				73D5A97F043B3FB629E9370C /* Hind-SemiBold.ttf in Resources */,
				5FC48FF0DD9C00F4DFE11D8E /* Michroma-OFL.txt in Resources */,
				E9E7BE59DBD99423581C6B98 /* Michroma-Regular.ttf in Resources */,
			);
			runOnlyForDeploymentPostprocessing = 0;
		};
		F307270248EB998FA9B45B59 /* Resources */ = {
			isa = PBXResourcesBuildPhase;
			buildActionMask = 2147483647;
			files = (
				2188181AC237CC20CAAFE532 /* Assets.xcassets in Resources */,
				E4B79DCC58710E40C4D17AFF /* Exo2-Bold.ttf in Resources */,
				CB8FC46706BCB887620F8918 /* Exo2-Medium.ttf in Resources */,
				2E95082B95769334A273504D /* Exo2-OFL.txt in Resources */,
				447CA7943CB16CAA18791B63 /* Exo2-SemiBold.ttf in Resources */,
				16CD6B4B382D10EC22ACA38F /* Hind-Medium.ttf in Resources */,
				E741D9CBA15D323B5CA905F1 /* Hind-OFL.txt in Resources */,
				DBE7E7EB1534F734A988B7DD /* Hind-Regular.ttf in Resources */,
				E407E0A5973562C7E918C81D /* Hind-SemiBold.ttf in Resources */,
				205CE1EDABF15B65869E866E /* Michroma-OFL.txt in Resources */,
				4E522EABE049107F3A5FA677 /* Michroma-Regular.ttf in Resources */,
			);
			runOnlyForDeploymentPostprocessing = 0;
		};
/* End PBXResourcesBuildPhase section */

/* Begin PBXShellScriptBuildPhase section */
		C9D8814C8B0862F1477F38A2 /* Bundle APNs key if present */ = {
			isa = PBXShellScriptBuildPhase;
			alwaysOutOfDate = 1;
			buildActionMask = 2147483647;
			files = (
			);
			inputFileListPaths = (
			);
			inputPaths = (
			);
			name = "Bundle APNs key if present";
			outputFileListPaths = (
			);
			outputPaths = (
			);
			runOnlyForDeploymentPostprocessing = 0;
			shellPath = /bin/sh;
			shellScript = "# Optional and only for private builds (docs/SETUP.md). Runs before code signing.\nif [ -f \"$SRCROOT/Config/APNsAuthKey.p8\" ]; then\n  cp \"$SRCROOT/Config/APNsAuthKey.p8\" \"$TARGET_BUILD_DIR/$UNLOCALIZED_RESOURCES_FOLDER_PATH/APNsAuthKey.p8\"\nfi\n";
		};
/* End PBXShellScriptBuildPhase section */

/* Begin PBXSourcesBuildPhase section */
		28CBBB5DDD700D54C408AB2A /* Sources */ = {
			isa = PBXSourcesBuildPhase;
			buildActionMask = 2147483647;
			files = (
				8E29EC7844A7E7CE1D330DDE /* APNsClient.swift in Sources */,
				C503B435FB25F5B640E74FF2 /* ActivityView.swift in Sources */,
				9AB8653681BAA1DF67E7D890 /* AppModel.swift in Sources */,
				9BA76F5FAF134FD66141AEF3 /* AudioEngine.swift in Sources */,
				849FF42B4171F02C65972757 /* ChannelsView.swift in Sources */,
				D598C3A49CAC8DA34FE4633B /* CloudRelay.swift in Sources */,
				9433C6AA64945A26EA27F4FF /* Components.swift in Sources */,
				7216C9BCE9AEDC32E574DFA9 /* GridBackground.swift in Sources */,
				B7427C19AAA77A6D303EE2AC /* Keychain.swift in Sources */,
				6B64282570069D75C03530C2 /* LocalAddresses.swift in Sources */,
				6090112260B68C097D107408 /* NXTPTTApp.swift in Sources */,
				D5400801694C95121C6BC662 /* NearbyTransport.swift in Sources */,
				140445E2C96F7A09C8021C87 /* PTTEngine.swift in Sources */,
				F0B4EE11E20B998AF99A23FD /* PairView.swift in Sources */,
				C3C698E53D06432948E6857C /* PushToTalkManager.swift in Sources */,
				A2330D8AEF6EF45B4D6FBF79 /* SettingsView.swift in Sources */,
				21BCC0DB5EE25D477D3D1664 /* SoundLibrary.swift in Sources */,
				CC8FD19B5343AB6096B3D7A4 /* SoundsView.swift in Sources */,
				8F6A494B7199A7DB7C423022 /* Store.swift in Sources */,
				F706519E51350819E0E1C93D /* TalkIntents.swift in Sources */,
				8207A5A01E11117F4AF282EC /* TalkOrb.swift in Sources */,
				E1728BBD1DA81A82ECBCE19F /* TalkView.swift in Sources */,
				4AC2847B0A9BFCAEBB5773DB /* Theme.swift in Sources */,
				6DF836C04841048B14E4CCDC /* Tones.swift in Sources */,
				EEBC7C8EDA04AB18260304FE /* UDPTransport.swift in Sources */,
				AA5712D7435E633C27F4536A /* VoiceCodec.swift in Sources */,
				DDAC95820538C1B3DEF4D635 /* WatchBridge.swift in Sources */,
				97E525E51A462FF784A35604 /* WatchProtocol.swift in Sources */,
			);
			runOnlyForDeploymentPostprocessing = 0;
		};
		5E34C9B30335780384B5F7F2 /* Sources */ = {
			isa = PBXSourcesBuildPhase;
			buildActionMask = 2147483647;
			files = (
				94D0AF3C8B10EAF5372DC4D9 /* APNsClient.swift in Sources */,
				7072DB12A07222DA3EBAED42 /* CloudRelay.swift in Sources */,
				DE954D70350E230150A96F1C /* GridBackground.swift in Sources */,
				8FD58ACB811C4A82A5C6C342 /* Keychain.swift in Sources */,
				77D702F41080827A847D8E84 /* NXTPTTWatchApp.swift in Sources */,
				913B3DACE8A7011E0E370F19 /* Store.swift in Sources */,
				311920887632C35D7CCDCC30 /* TalkOrb.swift in Sources */,
				CB69F5B4DB157871B0AB6369 /* Theme.swift in Sources */,
				38D5CFB2945070E2AA58406B /* VoiceCodec.swift in Sources */,
				B5999114D66376CDC4304B26 /* WatchEngine.swift in Sources */,
				18116EF38271E1E692E10191 /* WatchModel.swift in Sources */,
				0372DE70FB56FF9FAA1F25D8 /* WatchProtocol.swift in Sources */,
				1CEA506A8124FB124D3874CA /* WatchTalkView.swift in Sources */,
			);
			runOnlyForDeploymentPostprocessing = 0;
		};
/* End PBXSourcesBuildPhase section */

/* Begin PBXTargetDependency section */
		037BA493F238EC32D34A1CC3 /* PBXTargetDependency */ = {
			isa = PBXTargetDependency;
			target = 36D4CA7944BEBB37D7AA6172 /* NXTPTTWatch */;
			targetProxy = 85625DE6C7D8744175BFEA5A /* PBXContainerItemProxy */;
		};
/* End PBXTargetDependency section */

/* Begin XCBuildConfiguration section */
		08BCD262BC4E017D5E2C78A8 /* Release */ = {
			isa = XCBuildConfiguration;
			baseConfigurationReference = E249A42171F4B53EDD8033DF /* Release.xcconfig */;
			buildSettings = {
				ALWAYS_SEARCH_USER_PATHS = NO;
				CLANG_ANALYZER_NONNULL = YES;
				CLANG_ANALYZER_NUMBER_OBJECT_CONVERSION = YES_AGGRESSIVE;
				CLANG_CXX_LANGUAGE_STANDARD = "gnu++14";
				CLANG_CXX_LIBRARY = "libc++";
				CLANG_ENABLE_MODULES = YES;
				CLANG_ENABLE_OBJC_ARC = YES;
				CLANG_ENABLE_OBJC_WEAK = YES;
				CLANG_WARN_BLOCK_CAPTURE_AUTORELEASING = YES;
				CLANG_WARN_BOOL_CONVERSION = YES;
				CLANG_WARN_COMMA = YES;
				CLANG_WARN_CONSTANT_CONVERSION = YES;
				CLANG_WARN_DEPRECATED_OBJC_IMPLEMENTATIONS = YES;
				CLANG_WARN_DIRECT_OBJC_ISA_USAGE = YES_ERROR;
				CLANG_WARN_DOCUMENTATION_COMMENTS = YES;
				CLANG_WARN_EMPTY_BODY = YES;
				CLANG_WARN_ENUM_CONVERSION = YES;
				CLANG_WARN_INFINITE_RECURSION = YES;
				CLANG_WARN_INT_CONVERSION = YES;
				CLANG_WARN_NON_LITERAL_NULL_CONVERSION = YES;
				CLANG_WARN_OBJC_IMPLICIT_RETAIN_SELF = YES;
				CLANG_WARN_OBJC_LITERAL_CONVERSION = YES;
				CLANG_WARN_OBJC_ROOT_CLASS = YES_ERROR;
				CLANG_WARN_QUOTED_INCLUDE_IN_FRAMEWORK_HEADER = YES;
				CLANG_WARN_RANGE_LOOP_ANALYSIS = YES;
				CLANG_WARN_STRICT_PROTOTYPES = YES;
				CLANG_WARN_SUSPICIOUS_MOVE = YES;
				CLANG_WARN_UNGUARDED_AVAILABILITY = YES_AGGRESSIVE;
				CLANG_WARN_UNREACHABLE_CODE = YES;
				CLANG_WARN__DUPLICATE_METHOD_MATCH = YES;
				COPY_PHASE_STRIP = NO;
				CURRENT_PROJECT_VERSION = 1;
				DEBUG_INFORMATION_FORMAT = "dwarf-with-dsym";
				ENABLE_NS_ASSERTIONS = NO;
				ENABLE_STRICT_OBJC_MSGSEND = YES;
				GCC_C_LANGUAGE_STANDARD = gnu11;
				GCC_NO_COMMON_BLOCKS = YES;
				GCC_WARN_64_TO_32_BIT_CONVERSION = YES;
				GCC_WARN_ABOUT_RETURN_TYPE = YES_ERROR;
				GCC_WARN_UNDECLARED_SELECTOR = YES;
				GCC_WARN_UNINITIALIZED_AUTOS = YES_AGGRESSIVE;
				GCC_WARN_UNUSED_FUNCTION = YES;
				GCC_WARN_UNUSED_VARIABLE = YES;
				IPHONEOS_DEPLOYMENT_TARGET = 16.0;
				MARKETING_VERSION = 0.1.0;
				MTL_ENABLE_DEBUG_INFO = NO;
				MTL_FAST_MATH = YES;
				PRODUCT_NAME = "$(TARGET_NAME)";
				SWIFT_COMPILATION_MODE = wholemodule;
				SWIFT_OPTIMIZATION_LEVEL = "-O";
				SWIFT_VERSION = 5.0;
				WATCHOS_DEPLOYMENT_TARGET = 9.0;
			};
			name = Release;
		};
		1371BD905317D71C07BCFA57 /* Release */ = {
			isa = XCBuildConfiguration;
			buildSettings = {
				ASSETCATALOG_COMPILER_APPICON_NAME = AppIcon;
				CODE_SIGN_ENTITLEMENTS = App/Watch/NXTPTTWatch.entitlements;
				INFOPLIST_FILE = App/Watch/Info.plist;
				PRODUCT_BUNDLE_IDENTIFIER = "$(EPTT_BUNDLE_ID).watchkitapp";
				PROVISIONING_PROFILE_SPECIFIER = "$(EPTT_WATCH_PROFILE)";
				SDKROOT = watchos;
				SKIP_INSTALL = YES;
				TARGETED_DEVICE_FAMILY = 4;
			};
			name = Release;
		};
		374E3B2CD941D6F9440791B4 /* Debug */ = {
			isa = XCBuildConfiguration;
			buildSettings = {
				ASSETCATALOG_COMPILER_APPICON_NAME = AppIcon;
				CODE_SIGN_ENTITLEMENTS = App/iOS/Support/NXTPTT.entitlements;
				CODE_SIGN_IDENTITY = "iPhone Developer";
				ENABLE_USER_SCRIPT_SANDBOXING = NO;
				INFOPLIST_FILE = App/iOS/Support/Info.plist;
				LD_RUNPATH_SEARCH_PATHS = (
					"$(inherited)",
					"@executable_path/Frameworks",
				);
				PRODUCT_BUNDLE_IDENTIFIER = "$(EPTT_BUNDLE_ID)";
				PROVISIONING_PROFILE_SPECIFIER = "$(EPTT_IOS_PROFILE)";
				SDKROOT = iphoneos;
				TARGETED_DEVICE_FAMILY = "1,2";
			};
			name = Debug;
		};
		590381DF9668104C8D4B586D /* Debug */ = {
			isa = XCBuildConfiguration;
			buildSettings = {
				ASSETCATALOG_COMPILER_APPICON_NAME = AppIcon;
				CODE_SIGN_ENTITLEMENTS = App/Watch/NXTPTTWatch.entitlements;
				INFOPLIST_FILE = App/Watch/Info.plist;
				PRODUCT_BUNDLE_IDENTIFIER = "$(EPTT_BUNDLE_ID).watchkitapp";
				PROVISIONING_PROFILE_SPECIFIER = "$(EPTT_WATCH_PROFILE)";
				SDKROOT = watchos;
				SKIP_INSTALL = YES;
				TARGETED_DEVICE_FAMILY = 4;
			};
			name = Debug;
		};
		A5F2129617D5992DCC7BD15E /* Debug */ = {
			isa = XCBuildConfiguration;
			baseConfigurationReference = BB5C66B7F082C04F7C676223 /* Debug.xcconfig */;
			buildSettings = {
				ALWAYS_SEARCH_USER_PATHS = NO;
				CLANG_ANALYZER_NONNULL = YES;
				CLANG_ANALYZER_NUMBER_OBJECT_CONVERSION = YES_AGGRESSIVE;
				CLANG_CXX_LANGUAGE_STANDARD = "gnu++14";
				CLANG_CXX_LIBRARY = "libc++";
				CLANG_ENABLE_MODULES = YES;
				CLANG_ENABLE_OBJC_ARC = YES;
				CLANG_ENABLE_OBJC_WEAK = YES;
				CLANG_WARN_BLOCK_CAPTURE_AUTORELEASING = YES;
				CLANG_WARN_BOOL_CONVERSION = YES;
				CLANG_WARN_COMMA = YES;
				CLANG_WARN_CONSTANT_CONVERSION = YES;
				CLANG_WARN_DEPRECATED_OBJC_IMPLEMENTATIONS = YES;
				CLANG_WARN_DIRECT_OBJC_ISA_USAGE = YES_ERROR;
				CLANG_WARN_DOCUMENTATION_COMMENTS = YES;
				CLANG_WARN_EMPTY_BODY = YES;
				CLANG_WARN_ENUM_CONVERSION = YES;
				CLANG_WARN_INFINITE_RECURSION = YES;
				CLANG_WARN_INT_CONVERSION = YES;
				CLANG_WARN_NON_LITERAL_NULL_CONVERSION = YES;
				CLANG_WARN_OBJC_IMPLICIT_RETAIN_SELF = YES;
				CLANG_WARN_OBJC_LITERAL_CONVERSION = YES;
				CLANG_WARN_OBJC_ROOT_CLASS = YES_ERROR;
				CLANG_WARN_QUOTED_INCLUDE_IN_FRAMEWORK_HEADER = YES;
				CLANG_WARN_RANGE_LOOP_ANALYSIS = YES;
				CLANG_WARN_STRICT_PROTOTYPES = YES;
				CLANG_WARN_SUSPICIOUS_MOVE = YES;
				CLANG_WARN_UNGUARDED_AVAILABILITY = YES_AGGRESSIVE;
				CLANG_WARN_UNREACHABLE_CODE = YES;
				CLANG_WARN__DUPLICATE_METHOD_MATCH = YES;
				COPY_PHASE_STRIP = NO;
				CURRENT_PROJECT_VERSION = 1;
				DEBUG_INFORMATION_FORMAT = dwarf;
				ENABLE_STRICT_OBJC_MSGSEND = YES;
				ENABLE_TESTABILITY = YES;
				GCC_C_LANGUAGE_STANDARD = gnu11;
				GCC_DYNAMIC_NO_PIC = NO;
				GCC_NO_COMMON_BLOCKS = YES;
				GCC_OPTIMIZATION_LEVEL = 0;
				GCC_PREPROCESSOR_DEFINITIONS = (
					"$(inherited)",
					"DEBUG=1",
				);
				GCC_WARN_64_TO_32_BIT_CONVERSION = YES;
				GCC_WARN_ABOUT_RETURN_TYPE = YES_ERROR;
				GCC_WARN_UNDECLARED_SELECTOR = YES;
				GCC_WARN_UNINITIALIZED_AUTOS = YES_AGGRESSIVE;
				GCC_WARN_UNUSED_FUNCTION = YES;
				GCC_WARN_UNUSED_VARIABLE = YES;
				IPHONEOS_DEPLOYMENT_TARGET = 16.0;
				MARKETING_VERSION = 0.1.0;
				MTL_ENABLE_DEBUG_INFO = INCLUDE_SOURCE;
				MTL_FAST_MATH = YES;
				ONLY_ACTIVE_ARCH = YES;
				PRODUCT_NAME = "$(TARGET_NAME)";
				SWIFT_ACTIVE_COMPILATION_CONDITIONS = DEBUG;
				SWIFT_OPTIMIZATION_LEVEL = "-Onone";
				SWIFT_VERSION = 5.0;
				WATCHOS_DEPLOYMENT_TARGET = 9.0;
			};
			name = Debug;
		};
		B66207BB99A04F4F9DCB4E13 /* Release */ = {
			isa = XCBuildConfiguration;
			buildSettings = {
				ASSETCATALOG_COMPILER_APPICON_NAME = AppIcon;
				CODE_SIGN_ENTITLEMENTS = App/iOS/Support/NXTPTT.entitlements;
				CODE_SIGN_IDENTITY = "iPhone Developer";
				ENABLE_USER_SCRIPT_SANDBOXING = NO;
				INFOPLIST_FILE = App/iOS/Support/Info.plist;
				LD_RUNPATH_SEARCH_PATHS = (
					"$(inherited)",
					"@executable_path/Frameworks",
				);
				PRODUCT_BUNDLE_IDENTIFIER = "$(EPTT_BUNDLE_ID)";
				PROVISIONING_PROFILE_SPECIFIER = "$(EPTT_IOS_PROFILE)";
				SDKROOT = iphoneos;
				TARGETED_DEVICE_FAMILY = "1,2";
			};
			name = Release;
		};
/* End XCBuildConfiguration section */

/* Begin XCConfigurationList section */
		75A3B17931CE5F1CB29F69AA /* Build configuration list for PBXNativeTarget "NXTPTT" */ = {
			isa = XCConfigurationList;
			buildConfigurations = (
				374E3B2CD941D6F9440791B4 /* Debug */,
				B66207BB99A04F4F9DCB4E13 /* Release */,
			);
			defaultConfigurationIsVisible = 0;
			defaultConfigurationName = Debug;
		};
		88A3C8BDEA9A846FA0D0E7B0 /* Build configuration list for PBXNativeTarget "NXTPTTWatch" */ = {
			isa = XCConfigurationList;
			buildConfigurations = (
				590381DF9668104C8D4B586D /* Debug */,
				1371BD905317D71C07BCFA57 /* Release */,
			);
			defaultConfigurationIsVisible = 0;
			defaultConfigurationName = Debug;
		};
		D90D65E8E5970B5DB7FB5249 /* Build configuration list for PBXProject "NXTPTT" */ = {
			isa = XCConfigurationList;
			buildConfigurations = (
				A5F2129617D5992DCC7BD15E /* Debug */,
				08BCD262BC4E017D5E2C78A8 /* Release */,
			);
			defaultConfigurationIsVisible = 0;
			defaultConfigurationName = Debug;
		};
/* End XCConfigurationList section */

/* Begin XCLocalSwiftPackageReference section */
		B9D619EBAD2682E1A6631915 /* XCLocalSwiftPackageReference "Packages/EPTTCore" */ = {
			isa = XCLocalSwiftPackageReference;
			relativePath = Packages/EPTTCore;
		};
/* End XCLocalSwiftPackageReference section */

/* Begin XCSwiftPackageProductDependency section */
		495B256A42190904284376F5 /* EPTTCore */ = {
			isa = XCSwiftPackageProductDependency;
			productName = EPTTCore;
		};
		8B8EB4BA3015B1AAEAB6DF47 /* EPTTCore */ = {
			isa = XCSwiftPackageProductDependency;
			productName = EPTTCore;
		};
/* End XCSwiftPackageProductDependency section */
	};
	rootObject = 39F18FE6599FEE454699F66C /* Project object */;
}
